<?xml version="1.0" encoding="utf-8"?>
<Project ToolsVersion="4.0" xmlns="http://schemas.microsoft.com/developer/msbuild/2003">
  <ItemGroup>
    <Filter Include="Gripper">
      <UniqueIdentifier>{DEEFBD6E-4ACF-3C0A-53E7-C7E0BF45A36B}</UniqueIdentifier>
    </Filter>
    <Filter Include="Gripper\Events">
      <UniqueIdentifier>{025667FA-EE23-5B00-D7B7-CB26C3243765}</UniqueIdentifier>
    </Filter>
  </ItemGroup>
  <ItemGroup>
    <ClInclude Include="src\Gripper\Application.h">
      <Filter>Gripper</Filter>
    </ClInclude>
    <ClInclude Include="src\Gripper\Core.h">
      <Filter>Gripper</Filter>
    </ClInclude>
    <ClInclude Include="src\Gripper\EntryPoint.h">
      <Filter>Gripper</Filter>
    </ClInclude>
    <ClInclude Include="src\Gripper\Events\ApplicationEvent.h">
      <Filter>Gripper\Events</Filter>
    </ClInclude>
    <ClInclude Include="src\Gripper\Events\Event.h">
      <Filter>Gripper\Events</Filter>
    </ClInclude>
    <ClInclude Include="src\Gripper\Events\KeyEvent.h">
      <Filter>Gripper\Events</Filter>
    </ClInclude>
    <ClInclude Include="src\Gripper\Events\MouseEvent.h">
      <Filter>Gripper\Events</Filter>
    </ClInclude>
    <ClInclude Include="src\Gripper\Log.h">
      <Filter>Gripper</Filter>
    </ClInclude>
    <ClInclude Include="src\Gripper2D.h" />
    <ClInclude Include="src\grpch.h" />
  </ItemGroup>
  <ItemGroup>
    <ClCompile Include="src\Gripper\Application.cpp">
      <Filter>Gripper</Filter>
    </ClCompile>
    <ClCompile Include="src\Gripper\Log.cpp">
      <Filter>Gripper</Filter>
    </ClCompile>
    <ClCompile Include="src\grpch.cpp" />
  </ItemGroup>
</Project>